
Microsoft Visual Studio Solution File, Format Version 12.00
# Visual Studio Version 16
VisualStudioVersion = 16.0.30413.136
MinimumVisualStudioVersion = 10.0.40219.1
Project("{FAE04EC0-301F-11D3-BF4B-00C04F79EFBC}") = "Quiz", "Quiz\Quiz.csproj", "{8F992525-582F-4283-9A50-08C18B860B5B}"
EndProject
Project("{FAE04EC0-301F-11D3-BF4B-00C04F79EFBC}") = "Quiz.Core", "Quiz.Core\Quiz.Core.csproj", "{CEECC389-BF68-410E-94A7-8CA7E86DD32C}"
EndProject
Project("{FAE04EC0-301F-11D3-BF4B-00C04F79EFBC}") = "Quiz.Data", "Quiz.Data\Quiz.Data.csproj", "{ABD5CA19-F559-405E-A4CB-231649709F15}"
EndProject
Global
	GlobalSection(SolutionConfigurationPlatforms) = preSolution
		Debug|Any CPU = Debug|Any CPU
		Release|Any CPU = Release|Any CPU
	EndGlobalSection
	GlobalSection(ProjectConfigurationPlatforms) = postSolution
		{8F992525-582F-4283-9A50-08C18B860B5B}.Debug|Any CPU.ActiveCfg = Debug|Any CPU
		{8F992525-582F-4283-9A50-08C18B860B5B}.Debug|Any CPU.Build.0 = Debug|Any CPU
		{8F992525-582F-4283-9A50-08C18B860B5B}.Release|Any CPU.ActiveCfg = Release|Any CPU
		{8F992525-582F-4283-9A50-08C18B860B5B}.Release|Any CPU.Build.0 = Release|Any CPU
		{CEECC389-BF68-410E-94A7-8CA7E86DD32C}.Debug|Any CPU.ActiveCfg = Debug|Any CPU
		{CEECC389-BF68-410E-94A7-8CA7E86DD32C}.Debug|Any CPU.Build.0 = Debug|Any CPU
		{CEECC389-BF68-410E-94A7-8CA7E86DD32C}.Release|Any CPU.ActiveCfg = Release|Any CPU
		{CEECC389-BF68-410E-94A7-8CA7E86DD32C}.Release|Any CPU.Build.0 = Release|Any CPU
		{ABD5CA19-F559-405E-A4CB-231649709F15}.Debug|Any CPU.ActiveCfg = Debug|Any CPU
		{ABD5CA19-F559-405E-A4CB-231649709F15}.Debug|Any CPU.Build.0 = Debug|Any CPU
		{ABD5CA19-F559-405E-A4CB-231649709F15}.Release|Any CPU.ActiveCfg = Release|Any CPU
		{ABD5CA19-F559-405E-A4CB-231649709F15}.Release|Any CPU.Build.0 = Release|Any CPU
	EndGlobalSection
	GlobalSection(SolutionProperties) = preSolution
		HideSolutionNode = FALSE
	EndGlobalSection
	GlobalSection(ExtensibilityGlobals) = postSolution
		SolutionGuid = {C80E16CF-D9D8-4F60-8B3E-FDEB868C640F}
	EndGlobalSection
EndGlobal
